
Microsoft Visual Studio Solution File, Format Version 12.00
# Visual Studio Version 17
VisualStudioVersion = 17.13.35919.96
MinimumVisualStudioVersion = 10.0.40219.1
Project("{FAE04EC0-301F-11D3-BF4B-00C04F79EFBC}") = "Empresa.Domain", "Empresa.Domain\Empresa.Domain.csproj", "{A27F7E16-688C-4D02-A47B-7699E268538D}"
EndProject
Project("{FAE04EC0-301F-11D3-BF4B-00C04F79EFBC}") = "Empresa.Infrastructure", "Empresa.Infrastructure\Empresa.Infrastructure.csproj", "{23A73C53-AF8E-4D8C-BF88-B07BD77C59C0}"
EndProject
Project("{FAE04EC0-301F-11D3-BF4B-00C04F79EFBC}") = "Empresa.Application", "Empresa.Application\Empresa.Application.csproj", "{319DDEE5-8540-4C68-A148-438640E5FC27}"
EndProject
Project("{FAE04EC0-301F-11D3-BF4B-00C04F79EFBC}") = "Empresa.API", "Empresa.API\Empresa.API.csproj", "{179195A4-EAE4-465F-B3D8-63EB306E3B26}"
EndProject
Project("{FAE04EC0-301F-11D3-BF4B-00C04F79EFBC}") = "Empresa.Web", "Empresa.Web\Empresa.Web.csproj", "{7B52B37F-55A5-4F5C-A0B6-C87ADDAD417D}"
EndProject
Global
	GlobalSection(SolutionConfigurationPlatforms) = preSolution
		Debug|Any CPU = Debug|Any CPU
		Release|Any CPU = Release|Any CPU
	EndGlobalSection
	GlobalSection(ProjectConfigurationPlatforms) = postSolution
		{A27F7E16-688C-4D02-A47B-7699E268538D}.Debug|Any CPU.ActiveCfg = Debug|Any CPU
		{A27F7E16-688C-4D02-A47B-7699E268538D}.Debug|Any CPU.Build.0 = Debug|Any CPU
		{A27F7E16-688C-4D02-A47B-7699E268538D}.Release|Any CPU.ActiveCfg = Release|Any CPU
		{A27F7E16-688C-4D02-A47B-7699E268538D}.Release|Any CPU.Build.0 = Release|Any CPU
		{23A73C53-AF8E-4D8C-BF88-B07BD77C59C0}.Debug|Any CPU.ActiveCfg = Debug|Any CPU
		{23A73C53-AF8E-4D8C-BF88-B07BD77C59C0}.Debug|Any CPU.Build.0 = Debug|Any CPU
		{23A73C53-AF8E-4D8C-BF88-B07BD77C59C0}.Release|Any CPU.ActiveCfg = Release|Any CPU
		{23A73C53-AF8E-4D8C-BF88-B07BD77C59C0}.Release|Any CPU.Build.0 = Release|Any CPU
		{319DDEE5-8540-4C68-A148-438640E5FC27}.Debug|Any CPU.ActiveCfg = Debug|Any CPU
		{319DDEE5-8540-4C68-A148-438640E5FC27}.Debug|Any CPU.Build.0 = Debug|Any CPU
		{319DDEE5-8540-4C68-A148-438640E5FC27}.Release|Any CPU.ActiveCfg = Release|Any CPU
		{319DDEE5-8540-4C68-A148-438640E5FC27}.Release|Any CPU.Build.0 = Release|Any CPU
		{179195A4-EAE4-465F-B3D8-63EB306E3B26}.Debug|Any CPU.ActiveCfg = Debug|Any CPU
		{179195A4-EAE4-465F-B3D8-63EB306E3B26}.Debug|Any CPU.Build.0 = Debug|Any CPU
		{179195A4-EAE4-465F-B3D8-63EB306E3B26}.Release|Any CPU.ActiveCfg = Release|Any CPU
		{179195A4-EAE4-465F-B3D8-63EB306E3B26}.Release|Any CPU.Build.0 = Release|Any CPU
		{7B52B37F-55A5-4F5C-A0B6-C87ADDAD417D}.Debug|Any CPU.ActiveCfg = Debug|Any CPU
		{7B52B37F-55A5-4F5C-A0B6-C87ADDAD417D}.Debug|Any CPU.Build.0 = Debug|Any CPU
		{7B52B37F-55A5-4F5C-A0B6-C87ADDAD417D}.Release|Any CPU.ActiveCfg = Release|Any CPU
		{7B52B37F-55A5-4F5C-A0B6-C87ADDAD417D}.Release|Any CPU.Build.0 = Release|Any CPU
	EndGlobalSection
	GlobalSection(SolutionProperties) = preSolution
		HideSolutionNode = FALSE
	EndGlobalSection
	GlobalSection(ExtensibilityGlobals) = postSolution
		SolutionGuid = {59FD8274-B39E-4E01-BBE2-5FD7B04D6FE5}
	EndGlobalSection
EndGlobal
